
Microsoft Visual Studio Solution File, Format Version 12.00
# Visual Studio Version 16
VisualStudioVersion = 16.0.30804.86
MinimumVisualStudioVersion = 10.0.40219.1
Project("{FAE04EC0-301F-11D3-BF4B-00C04F79EFBC}") = "Design_Patterns_Implementation", "Design_Patterns_Implementation.csproj", "{84DE1F45-4DB9-4D03-BCAB-C88964FB199F}"
EndProject
Global
	GlobalSection(SolutionConfigurationPlatforms) = preSolution
		Debug|Any CPU = Debug|Any CPU
		Release|Any CPU = Release|Any CPU
	EndGlobalSection
	GlobalSection(ProjectConfigurationPlatforms) = postSolution
		{84DE1F45-4DB9-4D03-BCAB-C88964FB199F}.Debug|Any CPU.ActiveCfg = Debug|Any CPU
		{84DE1F45-4DB9-4D03-BCAB-C88964FB199F}.Debug|Any CPU.Build.0 = Debug|Any CPU
		{84DE1F45-4DB9-4D03-BCAB-C88964FB199F}.Release|Any CPU.ActiveCfg = Release|Any CPU
		{84DE1F45-4DB9-4D03-BCAB-C88964FB199F}.Release|Any CPU.Build.0 = Release|Any CPU
	EndGlobalSection
	GlobalSection(SolutionProperties) = preSolution
		HideSolutionNode = FALSE
	EndGlobalSection
	GlobalSection(ExtensibilityGlobals) = postSolution
		SolutionGuid = {4F590DB3-57B4-40BA-826A-A483A8D839CC}
	EndGlobalSection
EndGlobal
